
Microsoft Visual Studio Solution File, Format Version 12.00
# Visual Studio Version 17
VisualStudioVersion = 17.6.33723.286
MinimumVisualStudioVersion = 10.0.40219.1
Project("{9A19103F-16F7-4668-BE54-9A1E7A4F7556}") = "NotesApp.Api", "src\NotesApp.Api\NotesApp.Api.csproj", "{7AD08A77-025A-4263-8A38-45D74980DDCD}"
EndProject
Project("{9A19103F-16F7-4668-BE54-9A1E7A4F7556}") = "NotesApp.Domain", "src\NotesApp.Domain\NotesApp.Domain.csproj", "{093A2B43-6B0A-4760-A3B8-C9AD35D32CB8}"
EndProject
Project("{9A19103F-16F7-4668-BE54-9A1E7A4F7556}") = "NotesApp.Infrastructure", "src\NotesApp.Infrastructure\NotesApp.Infrastructure.csproj", "{601AA604-8EE3-43EF-98A1-ABF761B20B96}"
EndProject
Project("{9A19103F-16F7-4668-BE54-9A1E7A4F7556}") = "NotesApp.Application", "src\NotesApp.Application\NotesApp.Application.csproj", "{D9B483EA-4B0A-4301-AEA4-92B34CA6559F}"
EndProject
Project("{9A19103F-16F7-4668-BE54-9A1E7A4F7556}") = "NotesApp.UnitTests", "tests\NotesApp.UnitTests\NotesApp.UnitTests.csproj", "{68674C72-7790-48AA-84F2-C751F5A13C31}"
EndProject
Project("{FAE04EC0-301F-11D3-BF4B-00C04F79EFBC}") = "NotesApp.IntegrationTests", "test\NotesApp.IntegrationTests\NotesApp.IntegrationTests.csproj", "{34CA7A26-BEE4-4FA6-9BC3-43DAF204CAB3}"
EndProject
Global
	GlobalSection(SolutionConfigurationPlatforms) = preSolution
		Debug|Any CPU = Debug|Any CPU
		Release|Any CPU = Release|Any CPU
	EndGlobalSection
	GlobalSection(ProjectConfigurationPlatforms) = postSolution
		{7AD08A77-025A-4263-8A38-45D74980DDCD}.Debug|Any CPU.ActiveCfg = Debug|Any CPU
		{7AD08A77-025A-4263-8A38-45D74980DDCD}.Debug|Any CPU.Build.0 = Debug|Any CPU
		{7AD08A77-025A-4263-8A38-45D74980DDCD}.Release|Any CPU.ActiveCfg = Release|Any CPU
		{7AD08A77-025A-4263-8A38-45D74980DDCD}.Release|Any CPU.Build.0 = Release|Any CPU
		{093A2B43-6B0A-4760-A3B8-C9AD35D32CB8}.Debug|Any CPU.ActiveCfg = Debug|Any CPU
		{093A2B43-6B0A-4760-A3B8-C9AD35D32CB8}.Debug|Any CPU.Build.0 = Debug|Any CPU
		{093A2B43-6B0A-4760-A3B8-C9AD35D32CB8}.Release|Any CPU.ActiveCfg = Release|Any CPU
		{093A2B43-6B0A-4760-A3B8-C9AD35D32CB8}.Release|Any CPU.Build.0 = Release|Any CPU
		{601AA604-8EE3-43EF-98A1-ABF761B20B96}.Debug|Any CPU.ActiveCfg = Debug|Any CPU
		{601AA604-8EE3-43EF-98A1-ABF761B20B96}.Debug|Any CPU.Build.0 = Debug|Any CPU
		{601AA604-8EE3-43EF-98A1-ABF761B20B96}.Release|Any CPU.ActiveCfg = Release|Any CPU
		{601AA604-8EE3-43EF-98A1-ABF761B20B96}.Release|Any CPU.Build.0 = Release|Any CPU
		{D9B483EA-4B0A-4301-AEA4-92B34CA6559F}.Debug|Any CPU.ActiveCfg = Debug|Any CPU
		{D9B483EA-4B0A-4301-AEA4-92B34CA6559F}.Debug|Any CPU.Build.0 = Debug|Any CPU
		{D9B483EA-4B0A-4301-AEA4-92B34CA6559F}.Release|Any CPU.ActiveCfg = Release|Any CPU
		{D9B483EA-4B0A-4301-AEA4-92B34CA6559F}.Release|Any CPU.Build.0 = Release|Any CPU
		{68674C72-7790-48AA-84F2-C751F5A13C31}.Debug|Any CPU.ActiveCfg = Debug|Any CPU
		{68674C72-7790-48AA-84F2-C751F5A13C31}.Debug|Any CPU.Build.0 = Debug|Any CPU
		{68674C72-7790-48AA-84F2-C751F5A13C31}.Release|Any CPU.ActiveCfg = Release|Any CPU
		{68674C72-7790-48AA-84F2-C751F5A13C31}.Release|Any CPU.Build.0 = Release|Any CPU
		{34CA7A26-BEE4-4FA6-9BC3-43DAF204CAB3}.Debug|Any CPU.ActiveCfg = Debug|Any CPU
		{34CA7A26-BEE4-4FA6-9BC3-43DAF204CAB3}.Debug|Any CPU.Build.0 = Debug|Any CPU
		{34CA7A26-BEE4-4FA6-9BC3-43DAF204CAB3}.Release|Any CPU.ActiveCfg = Release|Any CPU
		{34CA7A26-BEE4-4FA6-9BC3-43DAF204CAB3}.Release|Any CPU.Build.0 = Release|Any CPU
	EndGlobalSection
	GlobalSection(SolutionProperties) = preSolution
		HideSolutionNode = FALSE
	EndGlobalSection
	GlobalSection(ExtensibilityGlobals) = postSolution
		SolutionGuid = {82E40470-7C63-432B-B311-511762516F64}
	EndGlobalSection
EndGlobal
